version: 6
environments:
  default:
    channels:
    - url: https://conda.anaconda.org/conda-forge/
    - url: https://conda.anaconda.org/bioconda/
    packages:
      linux-64:
      - conda: https://conda.anaconda.org/conda-forge/linux-64/_libgcc_mutex-0.1-conda_forge.tar.bz2
      - conda: https://conda.anaconda.org/conda-forge/linux-64/_openmp_mutex-4.5-2_gnu.tar.bz2
      - conda: https://conda.anaconda.org/conda-forge/linux-64/binutils-2.43-h4852527_5.conda
      - conda: https://conda.anaconda.org/conda-forge/linux-64/binutils_impl_linux-64-2.43-h4bf12b8_5.conda
      - conda: https://conda.anaconda.org/conda-forge/linux-64/binutils_linux-64-2.43-h4852527_5.conda
      - conda: https://conda.anaconda.org/conda-forge/linux-64/bzip2-1.0.8-h4bc722e_7.conda
      - conda: https://conda.anaconda.org/conda-forge/linux-64/c-ares-1.34.5-hb9d3cd8_0.conda
      - conda: https://conda.anaconda.org/conda-forge/linux-64/c-compiler-1.10.0-h2b85faf_0.conda
      - conda: https://conda.anaconda.org/conda-forge/noarch/ca-certificates-2025.6.15-hbd8a1cb_0.conda
      - conda: https://conda.anaconda.org/conda-forge/linux-64/cmake-3.31.6-h74e3db0_0.conda
      - conda: https://conda.anaconda.org/conda-forge/linux-64/cxx-compiler-1.10.0-h1a2810e_0.conda
      - conda: https://conda.anaconda.org/conda-forge/linux-64/gcc-13.3.0-h9576a4e_2.conda
      - conda: https://conda.anaconda.org/conda-forge/linux-64/gcc_impl_linux-64-13.3.0-h1e990d8_2.conda
      - conda: https://conda.anaconda.org/conda-forge/linux-64/gcc_linux-64-13.3.0-h6f18a23_11.conda
      - conda: https://conda.anaconda.org/conda-forge/linux-64/gxx-13.3.0-h9576a4e_2.conda
      - conda: https://conda.anaconda.org/conda-forge/linux-64/gxx_impl_linux-64-13.3.0-hae580e1_2.conda
      - conda: https://conda.anaconda.org/conda-forge/linux-64/gxx_linux-64-13.3.0-hb14504d_11.conda
      - conda: https://conda.anaconda.org/bioconda/linux-64/htslib-1.22-h566b1c6_0.tar.bz2
      - conda: https://conda.anaconda.org/conda-forge/noarch/kernel-headers_linux-64-3.10.0-he073ed8_18.conda
      - conda: https://conda.anaconda.org/conda-forge/linux-64/keyutils-1.6.1-h166bdaf_0.tar.bz2
      - conda: https://conda.anaconda.org/conda-forge/linux-64/krb5-1.21.3-h659f571_0.conda
      - conda: https://conda.anaconda.org/conda-forge/linux-64/ld_impl_linux-64-2.43-h712a8e2_5.conda
      - conda: https://conda.anaconda.org/conda-forge/linux-64/libcurl-8.14.1-h332b0f4_0.conda
      - conda: https://conda.anaconda.org/conda-forge/linux-64/libdeflate-1.24-h86f0d12_0.conda
      - conda: https://conda.anaconda.org/conda-forge/linux-64/libedit-3.1.20250104-pl5321h7949ede_0.conda
      - conda: https://conda.anaconda.org/conda-forge/linux-64/libev-4.33-hd590300_2.conda
      - conda: https://conda.anaconda.org/conda-forge/linux-64/libexpat-2.7.0-h5888daf_0.conda
      - conda: https://conda.anaconda.org/conda-forge/linux-64/libgcc-15.1.0-h767d61c_3.conda
      - conda: https://conda.anaconda.org/conda-forge/noarch/libgcc-devel_linux-64-13.3.0-hc03c837_102.conda
      - conda: https://conda.anaconda.org/conda-forge/linux-64/libgcc-ng-15.1.0-h69a702a_3.conda
      - conda: https://conda.anaconda.org/conda-forge/linux-64/libgomp-15.1.0-h767d61c_3.conda
      - conda: https://conda.anaconda.org/conda-forge/linux-64/liblzma-5.8.1-hb9d3cd8_2.conda
      - conda: https://conda.anaconda.org/conda-forge/linux-64/liblzma-devel-5.8.1-hb9d3cd8_2.conda
      - conda: https://conda.anaconda.org/conda-forge/linux-64/liblzma-static-5.8.1-hbcc6ac9_2.conda
      - conda: https://conda.anaconda.org/conda-forge/linux-64/libnghttp2-1.64.0-h161d5f1_0.conda
      - conda: https://conda.anaconda.org/conda-forge/linux-64/libsanitizer-13.3.0-he8ea267_2.conda
      - conda: https://conda.anaconda.org/conda-forge/linux-64/libssh2-1.11.1-hcf80075_0.conda
      - conda: https://conda.anaconda.org/conda-forge/linux-64/libstdcxx-15.1.0-h8f9b012_3.conda
      - conda: https://conda.anaconda.org/conda-forge/noarch/libstdcxx-devel_linux-64-13.3.0-hc03c837_102.conda
      - conda: https://conda.anaconda.org/conda-forge/linux-64/libstdcxx-ng-15.1.0-h4852527_3.conda
      - conda: https://conda.anaconda.org/conda-forge/linux-64/libuv-1.51.0-hb9d3cd8_0.conda
      - conda: https://conda.anaconda.org/conda-forge/linux-64/libzlib-1.3.1-hb9d3cd8_2.conda
      - conda: https://conda.anaconda.org/conda-forge/linux-64/ncurses-6.5-h2d0b736_3.conda
      - conda: https://conda.anaconda.org/conda-forge/linux-64/ninja-1.13.0-h7aa8ee6_0.conda
      - conda: https://conda.anaconda.org/conda-forge/linux-64/openssl-3.5.1-h7b32b05_0.conda
      - conda: https://conda.anaconda.org/conda-forge/linux-64/rhash-1.4.6-hb9d3cd8_1.conda
      - conda: https://conda.anaconda.org/conda-forge/noarch/sysroot_linux-64-2.17-h0157908_18.conda
      - conda: https://conda.anaconda.org/conda-forge/noarch/tzdata-2025b-h78e105d_0.conda
      - conda: https://conda.anaconda.org/conda-forge/linux-64/zstd-1.5.7-hb8e6e7a_2.conda
packages:
- conda: https://conda.anaconda.org/conda-forge/linux-64/_libgcc_mutex-0.1-conda_forge.tar.bz2
  sha256: fe51de6107f9edc7aa4f786a70f4a883943bc9d39b3bb7307c04c41410990726
  md5: d7c89558ba9fa0495403155b64376d81
  license: None
  size: 2562
  timestamp: 1578324546067
- conda: https://conda.anaconda.org/conda-forge/linux-64/_openmp_mutex-4.5-2_gnu.tar.bz2
  build_number: 16
  sha256: fbe2c5e56a653bebb982eda4876a9178aedfc2b545f25d0ce9c4c0b508253d22
  md5: 73aaf86a425cc6e73fcf236a5a46396d
  depends:
  - _libgcc_mutex 0.1 conda_forge
  - libgomp >=7.5.0
  constrains:
  - openmp_impl 9999
  license: BSD-3-Clause
  license_family: BSD
  size: 23621
  timestamp: 1650670423406
- conda: https://conda.anaconda.org/conda-forge/linux-64/binutils-2.43-h4852527_5.conda
  sha256: 2f2a9b6d1cb24eb1df0bd820f35e089fbecab15d8952075b53dc931d89bf98cb
  md5: 4846404183ea94fd6652e9fb6ac5e16f
  depends:
  - binutils_impl_linux-64 >=2.43,<2.44.0a0
  license: GPL-3.0-only
  license_family: GPL
  size: 35281
  timestamp: 1749852911395
- conda: https://conda.anaconda.org/conda-forge/linux-64/binutils_impl_linux-64-2.43-h4bf12b8_5.conda
  sha256: 27ae158d415ff2942214b32ac7952e642f0f4c2a45ab683691e2a9a9159f868c
  md5: 18852d82df8e5737e320a8731ace51b9
  depends:
  - ld_impl_linux-64 2.43 h712a8e2_5
  - sysroot_linux-64
  license: GPL-3.0-only
  license_family: GPL
  size: 6376971
  timestamp: 1749852878015
- conda: https://conda.anaconda.org/conda-forge/linux-64/binutils_linux-64-2.43-h4852527_5.conda
  sha256: fccbb1974d5557cd5bd4dfccc13c0d15ca198c6a45c2124341dea8c952538512
  md5: 327ef163ac88b57833c1c1a20a9e7e0d
  depends:
  - binutils_impl_linux-64 2.43 h4bf12b8_5
  license: GPL-3.0-only
  license_family: GPL
  size: 36038
  timestamp: 1749852914153
- conda: https://conda.anaconda.org/conda-forge/linux-64/bzip2-1.0.8-h4bc722e_7.conda
  sha256: 5ced96500d945fb286c9c838e54fa759aa04a7129c59800f0846b4335cee770d
  md5: 62ee74e96c5ebb0af99386de58cf9553
  depends:
  - __glibc >=2.17,<3.0.a0
  - libgcc-ng >=12
  license: bzip2-1.0.6
  license_family: BSD
  size: 252783
  timestamp: 1720974456583
- conda: https://conda.anaconda.org/conda-forge/linux-64/c-ares-1.34.5-hb9d3cd8_0.conda
  sha256: f8003bef369f57396593ccd03d08a8e21966157269426f71e943f96e4b579aeb
  md5: f7f0d6cc2dc986d42ac2689ec88192be
  depends:
  - __glibc >=2.17,<3.0.a0
  - libgcc >=13
  license: MIT
  license_family: MIT
  size: 206884
  timestamp: 1744127994291
- conda: https://conda.anaconda.org/conda-forge/linux-64/c-compiler-1.10.0-h2b85faf_0.conda
  sha256: 70be54bfe92b72794f664ad95b6fcef74d508710a9b2d790bc9c69f5a40239c3
  md5: 9256b7e5e900a1b98aedc8d6ffe91bec
  depends:
  - binutils
  - gcc
  - gcc_linux-64 13.*
  license: BSD-3-Clause
  license_family: BSD
  size: 6667
  timestamp: 1751115555092
- conda: https://conda.anaconda.org/conda-forge/noarch/ca-certificates-2025.6.15-hbd8a1cb_0.conda
  sha256: 7cfec9804c84844ea544d98bda1d9121672b66ff7149141b8415ca42dfcd44f6
  md5: 72525f07d72806e3b639ad4504c30ce5
  depends:
  - __unix
  license: ISC
  size: 151069
  timestamp: 1749990087500
- conda: https://conda.anaconda.org/conda-forge/linux-64/cmake-3.31.6-h74e3db0_0.conda
  sha256: 82372b404995a92fecfef38e9f1cb4977e71b785a728db5a9ed6f1aec49d547c
  md5: d6e0e094315ee3e99ca153663e7fa669
  depends:
  - __glibc >=2.17,<3.0.a0
  - bzip2 >=1.0.8,<2.0a0
  - libcurl >=8.12.1,<9.0a0
  - libexpat >=2.6.4,<3.0a0
  - libgcc >=13
  - liblzma >=5.6.4,<6.0a0
  - libstdcxx >=13
  - libuv >=1.50.0,<2.0a0
  - libzlib >=1.3.1,<2.0a0
  - ncurses >=6.5,<7.0a0
  - rhash >=1.4.5,<2.0a0
  - zstd >=1.5.7,<1.6.0a0
  license: BSD-3-Clause
  license_family: BSD
  size: 20376244
  timestamp: 1740467420604
- conda: https://conda.anaconda.org/conda-forge/linux-64/cxx-compiler-1.10.0-h1a2810e_0.conda
  sha256: 88ff4a72ad70a3b9a20a0296e395c0caaa6dc0a0e46a752aa683fb42be03facd
  md5: 3cd322edac3d40904ff07355a8be8086
  depends:
  - c-compiler 1.10.0 h2b85faf_0
  - gxx
  - gxx_linux-64 13.*
  license: BSD-3-Clause
  license_family: BSD
  size: 6633
  timestamp: 1751115555450
- conda: https://conda.anaconda.org/conda-forge/linux-64/gcc-13.3.0-h9576a4e_2.conda
  sha256: 300f077029e7626d69cc250a69acd6018c1fced3f5bf76adf37854f3370d2c45
  md5: d92e51bf4b6bdbfe45e5884fb0755afe
  depends:
  - gcc_impl_linux-64 13.3.0.*
  license: BSD-3-Clause
  license_family: BSD
  size: 55246
  timestamp: 1740240578937
- conda: https://conda.anaconda.org/conda-forge/linux-64/gcc_impl_linux-64-13.3.0-h1e990d8_2.conda
  sha256: c3e9f243ea8292eecad78bb200d8f5b590e0f82bf7e7452a3a7c8df4eea6f774
  md5: f46cf0acdcb6019397d37df1e407ab91
  depends:
  - binutils_impl_linux-64 >=2.40
  - libgcc >=13.3.0
  - libgcc-devel_linux-64 13.3.0 hc03c837_102
  - libgomp >=13.3.0
  - libsanitizer 13.3.0 he8ea267_2
  - libstdcxx >=13.3.0
  - sysroot_linux-64
  license: GPL-3.0-only WITH GCC-exception-3.1
  license_family: GPL
  size: 66770653
  timestamp: 1740240400031
- conda: https://conda.anaconda.org/conda-forge/linux-64/gcc_linux-64-13.3.0-h6f18a23_11.conda
  sha256: b2533388ec510ef0fc95774f15fdfb89582623049494506ea27622333f90bc09
  md5: 639ef869618e311eee4888fcb40747e2
  depends:
  - binutils_linux-64
  - gcc_impl_linux-64 13.3.0.*
  - sysroot_linux-64
  license: BSD-3-Clause
  license_family: BSD
  size: 32538
  timestamp: 1748905867619
- conda: https://conda.anaconda.org/conda-forge/linux-64/gxx-13.3.0-h9576a4e_2.conda
  sha256: fa9d0171c17e4c4203a4199fcc35571a25c1f16c0ad992080d4f0ced53bf5aa5
  md5: 07e8df00b7cd3084ad3ef598ce32a71c
  depends:
  - gcc 13.3.0.*
  - gxx_impl_linux-64 13.3.0.*
  license: BSD-3-Clause
  license_family: BSD
  size: 54718
  timestamp: 1740240712365
- conda: https://conda.anaconda.org/conda-forge/linux-64/gxx_impl_linux-64-13.3.0-hae580e1_2.conda
  sha256: 7cb36526a5c3e75ae07452aee5c9b6219f62fad9f85cc6d1dab5b21d1c4cc996
  md5: b55f02540605c322a47719029f8404cc
  depends:
  - gcc_impl_linux-64 13.3.0 h1e990d8_2
  - libstdcxx-devel_linux-64 13.3.0 hc03c837_102
  - sysroot_linux-64
  - tzdata
  license: GPL-3.0-only WITH GCC-exception-3.1
  license_family: GPL
  size: 13362974
  timestamp: 1740240672045
- conda: https://conda.anaconda.org/conda-forge/linux-64/gxx_linux-64-13.3.0-hb14504d_11.conda
  sha256: dda6a2765249c40168defea26aa67ff37d4d9fd214fb6e8d4fe0f434033bef87
  md5: 2ca7575e4f2da39c5ee260e022ab1a6f
  depends:
  - binutils_linux-64
  - gcc_linux-64 13.3.0 h6f18a23_11
  - gxx_impl_linux-64 13.3.0.*
  - sysroot_linux-64
  license: BSD-3-Clause
  license_family: BSD
  size: 30844
  timestamp: 1748905886442
- conda: https://conda.anaconda.org/bioconda/linux-64/htslib-1.22-h566b1c6_0.tar.bz2
  sha256: 58ca2897d0d8f5fc82c25f2892180691a268f310af0141aec51d382c99dd91cf
  md5: 6f6e3ce5c428c84b9f6ec294add9b33f
  depends:
  - bzip2 >=1.0.8,<2.0a0
  - libcurl >=8.14.0,<9.0a0
  - libdeflate >=1.22,<1.25.0a0
  - libgcc >=13
  - liblzma >=5.8.1,<6.0a0
  - libzlib >=1.3.1,<2.0a0
  - openssl >=3.5.0,<4.0a0
  license: MIT
  license_family: MIT
  size: 3240945
  timestamp: 1748687751804
- conda: https://conda.anaconda.org/conda-forge/noarch/kernel-headers_linux-64-3.10.0-he073ed8_18.conda
  sha256: a922841ad80bd7b222502e65c07ecb67e4176c4fa5b03678a005f39fcc98be4b
  md5: ad8527bf134a90e1c9ed35fa0b64318c
  constrains:
  - sysroot_linux-64 ==2.17
  license: LGPL-2.0-or-later AND LGPL-2.0-or-later WITH exceptions AND GPL-2.0-or-later AND MPL-2.0
  license_family: GPL
  size: 943486
  timestamp: 1729794504440
- conda: https://conda.anaconda.org/conda-forge/linux-64/keyutils-1.6.1-h166bdaf_0.tar.bz2
  sha256: 150c05a6e538610ca7c43beb3a40d65c90537497a4f6a5f4d15ec0451b6f5ebb
  md5: 30186d27e2c9fa62b45fb1476b7200e3
  depends:
  - libgcc-ng >=10.3.0
  license: LGPL-2.1-or-later
  size: 117831
  timestamp: 1646151697040
- conda: https://conda.anaconda.org/conda-forge/linux-64/krb5-1.21.3-h659f571_0.conda
  sha256: 99df692f7a8a5c27cd14b5fb1374ee55e756631b9c3d659ed3ee60830249b238
  md5: 3f43953b7d3fb3aaa1d0d0723d91e368
  depends:
  - keyutils >=1.6.1,<2.0a0
  - libedit >=3.1.20191231,<3.2.0a0
  - libedit >=3.1.20191231,<4.0a0
  - libgcc-ng >=12
  - libstdcxx-ng >=12
  - openssl >=3.3.1,<4.0a0
  license: MIT
  license_family: MIT
  size: 1370023
  timestamp: 1719463201255
- conda: https://conda.anaconda.org/conda-forge/linux-64/ld_impl_linux-64-2.43-h712a8e2_5.conda
  sha256: de097284f497b391fe9d000c75b684583c30aad172d9508ed05df23ce39d75cb
  md5: acd9213a63cb62521290e581ef82de80
  depends:
  - __glibc >=2.17,<3.0.a0
  constrains:
  - binutils_impl_linux-64 2.43
  license: GPL-3.0-only
  license_family: GPL
  size: 670525
  timestamp: 1749852860076
- conda: https://conda.anaconda.org/conda-forge/linux-64/libcurl-8.14.1-h332b0f4_0.conda
  sha256: b6c5cf340a4f80d70d64b3a29a7d9885a5918d16a5cb952022820e6d3e79dc8b
  md5: 45f6713cb00f124af300342512219182
  depends:
  - __glibc >=2.17,<3.0.a0
  - krb5 >=1.21.3,<1.22.0a0
  - libgcc >=13
  - libnghttp2 >=1.64.0,<2.0a0
  - libssh2 >=1.11.1,<2.0a0
  - libzlib >=1.3.1,<2.0a0
  - openssl >=3.5.0,<4.0a0
  - zstd >=1.5.7,<1.6.0a0
  license: curl
  license_family: MIT
  size: 449910
  timestamp: 1749033146806
- conda: https://conda.anaconda.org/conda-forge/linux-64/libdeflate-1.24-h86f0d12_0.conda
  sha256: 8420748ea1cc5f18ecc5068b4f24c7a023cc9b20971c99c824ba10641fb95ddf
  md5: 64f0c503da58ec25ebd359e4d990afa8
  depends:
  - __glibc >=2.17,<3.0.a0
  - libgcc >=13
  license: MIT
  license_family: MIT
  size: 72573
  timestamp: 1747040452262
- conda: https://conda.anaconda.org/conda-forge/linux-64/libedit-3.1.20250104-pl5321h7949ede_0.conda
  sha256: d789471216e7aba3c184cd054ed61ce3f6dac6f87a50ec69291b9297f8c18724
  md5: c277e0a4d549b03ac1e9d6cbbe3d017b
  depends:
  - ncurses
  - __glibc >=2.17,<3.0.a0
  - libgcc >=13
  - ncurses >=6.5,<7.0a0
  license: BSD-2-Clause
  license_family: BSD
  size: 134676
  timestamp: 1738479519902
- conda: https://conda.anaconda.org/conda-forge/linux-64/libev-4.33-hd590300_2.conda
  sha256: 1cd6048169fa0395af74ed5d8f1716e22c19a81a8a36f934c110ca3ad4dd27b4
  md5: 172bf1cd1ff8629f2b1179945ed45055
  depends:
  - libgcc-ng >=12
  license: BSD-2-Clause
  license_family: BSD
  size: 112766
  timestamp: 1702146165126
- conda: https://conda.anaconda.org/conda-forge/linux-64/libexpat-2.7.0-h5888daf_0.conda
  sha256: 33ab03438aee65d6aa667cf7d90c91e5e7d734c19a67aa4c7040742c0a13d505
  md5: db0bfbe7dd197b68ad5f30333bae6ce0
  depends:
  - __glibc >=2.17,<3.0.a0
  - libgcc >=13
  constrains:
  - expat 2.7.0.*
  license: MIT
  license_family: MIT
  size: 74427
  timestamp: 1743431794976
- conda: https://conda.anaconda.org/conda-forge/linux-64/libgcc-15.1.0-h767d61c_3.conda
  sha256: 59a87161212abe8acc57d318b0cc8636eb834cdfdfddcf1f588b5493644b39a3
  md5: 9e60c55e725c20d23125a5f0dd69af5d
  depends:
  - __glibc >=2.17,<3.0.a0
  - _openmp_mutex >=4.5
  constrains:
  - libgcc-ng ==15.1.0=*_3
  - libgomp 15.1.0 h767d61c_3
  license: GPL-3.0-only WITH GCC-exception-3.1
  license_family: GPL
  size: 824921
  timestamp: 1750808216066
- conda: https://conda.anaconda.org/conda-forge/noarch/libgcc-devel_linux-64-13.3.0-hc03c837_102.conda
  sha256: 538544a2e0651bfeb0348ca6469b6b608606f6080a0b5a531af3a3852fec0215
  md5: 4c1d6961a6a54f602ae510d9bf31fa60
  depends:
  - __unix
  license: GPL-3.0-only WITH GCC-exception-3.1
  license_family: GPL
  size: 2597400
  timestamp: 1740240211859
- conda: https://conda.anaconda.org/conda-forge/linux-64/libgcc-ng-15.1.0-h69a702a_3.conda
  sha256: b0b0a5ee6ce645a09578fc1cb70c180723346f8a45fdb6d23b3520591c6d6996
  md5: e66f2b8ad787e7beb0f846e4bd7e8493
  depends:
  - libgcc 15.1.0 h767d61c_3
  license: GPL-3.0-only WITH GCC-exception-3.1
  license_family: GPL
  size: 29033
  timestamp: 1750808224854
- conda: https://conda.anaconda.org/conda-forge/linux-64/libgomp-15.1.0-h767d61c_3.conda
  sha256: 43710ab4de0cd7ff8467abff8d11e7bb0e36569df04ce1c099d48601818f11d1
  md5: 3cd1a7238a0dd3d0860fdefc496cc854
  depends:
  - __glibc >=2.17,<3.0.a0
  license: GPL-3.0-only WITH GCC-exception-3.1
  license_family: GPL
  size: 447068
  timestamp: 1750808138400
- conda: https://conda.anaconda.org/conda-forge/linux-64/liblzma-5.8.1-hb9d3cd8_2.conda
  sha256: f2591c0069447bbe28d4d696b7fcb0c5bd0b4ac582769b89addbcf26fb3430d8
  md5: 1a580f7796c7bf6393fddb8bbbde58dc
  depends:
  - __glibc >=2.17,<3.0.a0
  - libgcc >=13
  constrains:
  - xz 5.8.1.*
  license: 0BSD
  size: 112894
  timestamp: 1749230047870
- conda: https://conda.anaconda.org/conda-forge/linux-64/liblzma-devel-5.8.1-hb9d3cd8_2.conda
  sha256: 329e66330a8f9cbb6a8d5995005478188eb4ba8a6b6391affa849744f4968492
  md5: f61edadbb301530bd65a32646bd81552
  depends:
  - __glibc >=2.17,<3.0.a0
  - libgcc >=13
  - liblzma 5.8.1 hb9d3cd8_2
  license: 0BSD
  size: 439868
  timestamp: 1749230061968
- conda: https://conda.anaconda.org/conda-forge/linux-64/liblzma-static-5.8.1-hbcc6ac9_2.conda
  sha256: f9df38f56ea1d85b253ddd6e55a676afc113c9c9358d8c049c84483bba15a70a
  md5: e72b0edb514242f8210e1329ebe89168
  depends:
  - __glibc >=2.17,<3.0.a0
  - libgcc >=13
  - liblzma-devel 5.8.1 hb9d3cd8_2
  constrains:
  - xz 5.8.1.*
  license: 0BSD
  size: 126635
  timestamp: 1749230119543
- conda: https://conda.anaconda.org/conda-forge/linux-64/libnghttp2-1.64.0-h161d5f1_0.conda
  sha256: b0f2b3695b13a989f75d8fd7f4778e1c7aabe3b36db83f0fe80b2cd812c0e975
  md5: 19e57602824042dfd0446292ef90488b
  depends:
  - __glibc >=2.17,<3.0.a0
  - c-ares >=1.32.3,<2.0a0
  - libev >=4.33,<4.34.0a0
  - libev >=4.33,<5.0a0
  - libgcc >=13
  - libstdcxx >=13
  - libzlib >=1.3.1,<2.0a0
  - openssl >=3.3.2,<4.0a0
  license: MIT
  license_family: MIT
  size: 647599
  timestamp: 1729571887612
- conda: https://conda.anaconda.org/conda-forge/linux-64/libsanitizer-13.3.0-he8ea267_2.conda
  sha256: 27c4c8bf8e2dd60182d47274389be7c70446df6ed5344206266321ee749158b4
  md5: 2b6cdf7bb95d3d10ef4e38ce0bc95dba
  depends:
  - __glibc >=2.17,<3.0.a0
  - libgcc >=13.3.0
  - libstdcxx >=13.3.0
  license: GPL-3.0-only WITH GCC-exception-3.1
  license_family: GPL
  size: 4155341
  timestamp: 1740240344242
- conda: https://conda.anaconda.org/conda-forge/linux-64/libssh2-1.11.1-hcf80075_0.conda
  sha256: fa39bfd69228a13e553bd24601332b7cfeb30ca11a3ca50bb028108fe90a7661
  md5: eecce068c7e4eddeb169591baac20ac4
  depends:
  - __glibc >=2.17,<3.0.a0
  - libgcc >=13
  - libzlib >=1.3.1,<2.0a0
  - openssl >=3.5.0,<4.0a0
  license: BSD-3-Clause
  license_family: BSD
  size: 304790
  timestamp: 1745608545575
- conda: https://conda.anaconda.org/conda-forge/linux-64/libstdcxx-15.1.0-h8f9b012_3.conda
  sha256: 7650837344b7850b62fdba02155da0b159cf472b9ab59eb7b472f7bd01dff241
  md5: 6d11a5edae89fe413c0569f16d308f5a
  depends:
  - __glibc >=2.17,<3.0.a0
  - libgcc 15.1.0 h767d61c_3
  license: GPL-3.0-only WITH GCC-exception-3.1
  license_family: GPL
  size: 3896407
  timestamp: 1750808251302
- conda: https://conda.anaconda.org/conda-forge/noarch/libstdcxx-devel_linux-64-13.3.0-hc03c837_102.conda
  sha256: abc89056d4ca7debe938504b3b6d9ccc6d7a0f0b528fe3409230636a21e81002
  md5: aa38de2738c5f4a72a880e3d31ffe8b4
  depends:
  - __unix
  license: GPL-3.0-only WITH GCC-exception-3.1
  license_family: GPL
  size: 12873130
  timestamp: 1740240239655
- conda: https://conda.anaconda.org/conda-forge/linux-64/libstdcxx-ng-15.1.0-h4852527_3.conda
  sha256: bbaea1ecf973a7836f92b8ebecc94d3c758414f4de39d2cc6818a3d10cb3216b
  md5: 57541755b5a51691955012b8e197c06c
  depends:
  - libstdcxx 15.1.0 h8f9b012_3
  license: GPL-3.0-only WITH GCC-exception-3.1
  license_family: GPL
  size: 29093
  timestamp: 1750808292700
- conda: https://conda.anaconda.org/conda-forge/linux-64/libuv-1.51.0-hb9d3cd8_0.conda
  sha256: 770ca175d64323976c9fe4303042126b2b01c1bd54c8c96cafeaba81bdb481b8
  md5: 1349c022c92c5efd3fd705a79a5804d8
  depends:
  - __glibc >=2.17,<3.0.a0
  - libgcc >=13
  license: MIT
  license_family: MIT
  size: 890145
  timestamp: 1748304699136
- conda: https://conda.anaconda.org/conda-forge/linux-64/libzlib-1.3.1-hb9d3cd8_2.conda
  sha256: d4bfe88d7cb447768e31650f06257995601f89076080e76df55e3112d4e47dc4
  md5: edb0dca6bc32e4f4789199455a1dbeb8
  depends:
  - __glibc >=2.17,<3.0.a0
  - libgcc >=13
  constrains:
  - zlib 1.3.1 *_2
  license: Zlib
  license_family: Other
  size: 60963
  timestamp: 1727963148474
- conda: https://conda.anaconda.org/conda-forge/linux-64/ncurses-6.5-h2d0b736_3.conda
  sha256: 3fde293232fa3fca98635e1167de6b7c7fda83caf24b9d6c91ec9eefb4f4d586
  md5: 47e340acb35de30501a76c7c799c41d7
  depends:
  - __glibc >=2.17,<3.0.a0
  - libgcc >=13
  license: X11 AND BSD-3-Clause
  size: 891641
  timestamp: 1738195959188
- conda: https://conda.anaconda.org/conda-forge/linux-64/ninja-1.13.0-h7aa8ee6_0.conda
  sha256: 8cf09470430b5aba5165c7aefed070d2c8f998f69fede01197ef838bf17fa81a
  md5: 2f67cb5c5ec172faeba94348ae8af444
  depends:
  - __glibc >=2.17,<3.0.a0
  - libstdcxx >=13
  - libgcc >=13
  license: Apache-2.0
  license_family: APACHE
  size: 180917
  timestamp: 1750273173789
- conda: https://conda.anaconda.org/conda-forge/linux-64/openssl-3.5.1-h7b32b05_0.conda
  sha256: 942347492164190559e995930adcdf84e2fea05307ec8012c02a505f5be87462
  md5: c87df2ab1448ba69169652ab9547082d
  depends:
  - __glibc >=2.17,<3.0.a0
  - ca-certificates
  - libgcc >=13
  license: Apache-2.0
  license_family: Apache
  size: 3131002
  timestamp: 1751390382076
- conda: https://conda.anaconda.org/conda-forge/linux-64/rhash-1.4.6-hb9d3cd8_1.conda
  sha256: d5c73079c1dd2c2a313c3bfd81c73dbd066b7eb08d213778c8bff520091ae894
  md5: c1c9b02933fdb2cfb791d936c20e887e
  depends:
  - __glibc >=2.17,<3.0.a0
  - libgcc >=13
  license: MIT
  license_family: MIT
  size: 193775
  timestamp: 1748644872902
- conda: https://conda.anaconda.org/conda-forge/noarch/sysroot_linux-64-2.17-h0157908_18.conda
  sha256: 69ab5804bdd2e8e493d5709eebff382a72fab3e9af6adf93a237ccf8f7dbd624
  md5: 460eba7851277ec1fd80a1a24080787a
  depends:
  - kernel-headers_linux-64 3.10.0 he073ed8_18
  - tzdata
  license: LGPL-2.0-or-later AND LGPL-2.0-or-later WITH exceptions AND GPL-2.0-or-later AND MPL-2.0
  license_family: GPL
  size: 15166921
  timestamp: 1735290488259
- conda: https://conda.anaconda.org/conda-forge/noarch/tzdata-2025b-h78e105d_0.conda
  sha256: 5aaa366385d716557e365f0a4e9c3fca43ba196872abbbe3d56bb610d131e192
  md5: 4222072737ccff51314b5ece9c7d6f5a
  license: LicenseRef-Public-Domain
  size: 122968
  timestamp: 1742727099393
- conda: https://conda.anaconda.org/conda-forge/linux-64/zstd-1.5.7-hb8e6e7a_2.conda
  sha256: a4166e3d8ff4e35932510aaff7aa90772f84b4d07e9f6f83c614cba7ceefe0eb
  md5: 6432cb5d4ac0046c3ac0a8a0f95842f9
  depends:
  - __glibc >=2.17,<3.0.a0
  - libgcc >=13
  - libstdcxx >=13
  - libzlib >=1.3.1,<2.0a0
  license: BSD-3-Clause
  license_family: BSD
  size: 567578
  timestamp: 1742433379869
